# THIS IS AN AUTOGENERATED FILE. DO NOT EDIT THIS FILE DIRECTLY.
# yarn lockfile v1


typescript-cookie@^1.0.4:
  version "1.0.4"
  resolved "https://registry.yarnpkg.com/typescript-cookie/-/typescript-cookie-1.0.4.tgz#22715aa394275e967fd734fa1417e24870504985"
  integrity sha512-vZo252VmoEleD/dbE9Wb2lMK63V3M/8aqFbp2Pdb4Oxq8YqqADJ7iMh8THZenFXN+uZJPE8RXkztEaHkOptH4w==
